
Microsoft Visual Studio Solution File, Format Version 11.00
# Visual Studio 2010
Project("{D2ABAB84-BF74-430A-B69E-9DC6D40DDA17}") = "cubo_olap", "cubo_olap\cubo_olap.dwproj", "{B6DF601D-BD0A-4E78-B08E-1D28E52F0E13}"
EndProject
Global
	GlobalSection(SolutionConfigurationPlatforms) = preSolution
		Development|Default = Development|Default
	EndGlobalSection
	GlobalSection(ProjectConfigurationPlatforms) = postSolution
		{B6DF601D-BD0A-4E78-B08E-1D28E52F0E13}.Development|Default.ActiveCfg = Development
		{B6DF601D-BD0A-4E78-B08E-1D28E52F0E13}.Development|Default.Build.0 = Development
		{B6DF601D-BD0A-4E78-B08E-1D28E52F0E13}.Development|Default.Deploy.0 = Development
	EndGlobalSection
	GlobalSection(SolutionProperties) = preSolution
		HideSolutionNode = FALSE
	EndGlobalSection
EndGlobal
