
Microsoft Visual Studio Solution File, Format Version 11.00
# Visual Studio 2010
Project("{F14B399A-7131-4C87-9E4B-1186C45EF12D}") = "ReportesMexicanaSeguros", "ReportesMexicanaSeguros\ReportesMexicanaSeguros.rptproj", "{9D6CE730-0EF3-434B-ABAD-0CC38F8CFB42}"
EndProject
Global
	GlobalSection(SolutionConfigurationPlatforms) = preSolution
		Debug|Default = Debug|Default
		DebugLocal|Default = DebugLocal|Default
		Release|Default = Release|Default
	EndGlobalSection
	GlobalSection(ProjectConfigurationPlatforms) = postSolution
		{9D6CE730-0EF3-434B-ABAD-0CC38F8CFB42}.Debug|Default.ActiveCfg = Debug
		{9D6CE730-0EF3-434B-ABAD-0CC38F8CFB42}.Debug|Default.Build.0 = DebugLocal
		{9D6CE730-0EF3-434B-ABAD-0CC38F8CFB42}.Debug|Default.Deploy.0 = DebugLocal
		{9D6CE730-0EF3-434B-ABAD-0CC38F8CFB42}.DebugLocal|Default.ActiveCfg = DebugLocal
		{9D6CE730-0EF3-434B-ABAD-0CC38F8CFB42}.DebugLocal|Default.Build.0 = DebugLocal
		{9D6CE730-0EF3-434B-ABAD-0CC38F8CFB42}.Release|Default.ActiveCfg = Release
		{9D6CE730-0EF3-434B-ABAD-0CC38F8CFB42}.Release|Default.Build.0 = Release
		{9D6CE730-0EF3-434B-ABAD-0CC38F8CFB42}.Release|Default.Deploy.0 = Release
	EndGlobalSection
	GlobalSection(SolutionProperties) = preSolution
		HideSolutionNode = FALSE
	EndGlobalSection
EndGlobal
